
Microsoft Visual Studio Solution File, Format Version 12.00
# Visual Studio Version 16
VisualStudioVersion = 16.0.31112.23
MinimumVisualStudioVersion = 10.0.40219.1
Project("{9A19103F-16F7-4668-BE54-9A1E7A4F7556}") = "02Property", "02Property\02Property.csproj", "{FD2218D1-E69F-4A70-864A-97C3B20E9A09}"
EndProject
Project("{9A19103F-16F7-4668-BE54-9A1E7A4F7556}") = "03Static", "03Static\03Static.csproj", "{91B41CE9-E761-4A53-92D2-F2C2D6823687}"
EndProject
Project("{9A19103F-16F7-4668-BE54-9A1E7A4F7556}") = "04Structure", "04Structure\04Structure.csproj", "{416125E4-3A50-4957-BD53-C63883AE161E}"
EndProject
Project("{9A19103F-16F7-4668-BE54-9A1E7A4F7556}") = "01Classs", "01Classs\01Classs.csproj", "{976C2D97-B1B0-4334-AD86-D92D4258A52C}"
EndProject
Project("{FAE04EC0-301F-11D3-BF4B-00C04F79EFBC}") = "05ReadFile", "05ReadFile\05ReadFile.csproj", "{2F88797A-AF29-46BD-ADB3-08943B2192DC}"
EndProject
Global
	GlobalSection(SolutionConfigurationPlatforms) = preSolution
		Debug|Any CPU = Debug|Any CPU
		Release|Any CPU = Release|Any CPU
	EndGlobalSection
	GlobalSection(ProjectConfigurationPlatforms) = postSolution
		{FD2218D1-E69F-4A70-864A-97C3B20E9A09}.Debug|Any CPU.ActiveCfg = Debug|Any CPU
		{FD2218D1-E69F-4A70-864A-97C3B20E9A09}.Debug|Any CPU.Build.0 = Debug|Any CPU
		{FD2218D1-E69F-4A70-864A-97C3B20E9A09}.Release|Any CPU.ActiveCfg = Release|Any CPU
		{FD2218D1-E69F-4A70-864A-97C3B20E9A09}.Release|Any CPU.Build.0 = Release|Any CPU
		{91B41CE9-E761-4A53-92D2-F2C2D6823687}.Debug|Any CPU.ActiveCfg = Debug|Any CPU
		{91B41CE9-E761-4A53-92D2-F2C2D6823687}.Debug|Any CPU.Build.0 = Debug|Any CPU
		{91B41CE9-E761-4A53-92D2-F2C2D6823687}.Release|Any CPU.ActiveCfg = Release|Any CPU
		{91B41CE9-E761-4A53-92D2-F2C2D6823687}.Release|Any CPU.Build.0 = Release|Any CPU
		{416125E4-3A50-4957-BD53-C63883AE161E}.Debug|Any CPU.ActiveCfg = Debug|Any CPU
		{416125E4-3A50-4957-BD53-C63883AE161E}.Debug|Any CPU.Build.0 = Debug|Any CPU
		{416125E4-3A50-4957-BD53-C63883AE161E}.Release|Any CPU.ActiveCfg = Release|Any CPU
		{416125E4-3A50-4957-BD53-C63883AE161E}.Release|Any CPU.Build.0 = Release|Any CPU
		{976C2D97-B1B0-4334-AD86-D92D4258A52C}.Debug|Any CPU.ActiveCfg = Debug|Any CPU
		{976C2D97-B1B0-4334-AD86-D92D4258A52C}.Debug|Any CPU.Build.0 = Debug|Any CPU
		{976C2D97-B1B0-4334-AD86-D92D4258A52C}.Release|Any CPU.ActiveCfg = Release|Any CPU
		{976C2D97-B1B0-4334-AD86-D92D4258A52C}.Release|Any CPU.Build.0 = Release|Any CPU
		{2F88797A-AF29-46BD-ADB3-08943B2192DC}.Debug|Any CPU.ActiveCfg = Debug|Any CPU
		{2F88797A-AF29-46BD-ADB3-08943B2192DC}.Debug|Any CPU.Build.0 = Debug|Any CPU
		{2F88797A-AF29-46BD-ADB3-08943B2192DC}.Release|Any CPU.ActiveCfg = Release|Any CPU
		{2F88797A-AF29-46BD-ADB3-08943B2192DC}.Release|Any CPU.Build.0 = Release|Any CPU
	EndGlobalSection
	GlobalSection(SolutionProperties) = preSolution
		HideSolutionNode = FALSE
	EndGlobalSection
	GlobalSection(ExtensibilityGlobals) = postSolution
		SolutionGuid = {C1C75D93-C682-4C3E-A143-1D8C8D7CE68C}
	EndGlobalSection
EndGlobal
